
Microsoft Visual Studio Solution File, Format Version 12.00
# Visual Studio Version 17
VisualStudioVersion = 17.14.36301.6
MinimumVisualStudioVersion = 10.0.40219.1
Project("{FAE04EC0-301F-11D3-BF4B-00C04F79EFBC}") = "Umbraco.Commerce.Portal", "src\Umbraco.Commerce.Portal\Umbraco.Commerce.Portal.csproj", "{5CEE526B-065B-4A03-BC45-11164CB5959E}"
EndProject
Global
	GlobalSection(SolutionConfigurationPlatforms) = preSolution
		Debug|Any CPU = Debug|Any CPU
		Release|Any CPU = Release|Any CPU
	EndGlobalSection
	GlobalSection(ProjectConfigurationPlatforms) = postSolution
		{5CEE526B-065B-4A03-BC45-11164CB5959E}.Debug|Any CPU.ActiveCfg = Debug|Any CPU
		{5CEE526B-065B-4A03-BC45-11164CB5959E}.Debug|Any CPU.Build.0 = Debug|Any CPU
		{5CEE526B-065B-4A03-BC45-11164CB5959E}.Release|Any CPU.ActiveCfg = Release|Any CPU
		{5CEE526B-065B-4A03-BC45-11164CB5959E}.Release|Any CPU.Build.0 = Release|Any CPU
	EndGlobalSection
	GlobalSection(SolutionProperties) = preSolution
		HideSolutionNode = FALSE
	EndGlobalSection
	GlobalSection(ExtensibilityGlobals) = postSolution
		SolutionGuid = {D9B64ABC-8F42-4DD8-A820-2B5B61CA51A1}
	EndGlobalSection
EndGlobal
